
Microsoft Visual Studio Solution File, Format Version 12.00
# Visual Studio 14
VisualStudioVersion = 14.0.25420.1
MinimumVisualStudioVersion = 10.0.40219.1
Project("{2150E333-8FDC-42A3-9474-1A3956D46DE8}") = "Framework", "Framework", "{4D21125B-2BC9-4753-A7AF-360CC83DA0A9}"
EndProject
Project("{2150E333-8FDC-42A3-9474-1A3956D46DE8}") = "Domain", "Domain", "{13102E4E-18DA-4862-90F1-5B43AF4F68D0}"
EndProject
Project("{FAE04EC0-301F-11D3-BF4B-00C04F79EFBC}") = "Demo", "src\Domain\Demo\Demo.csproj", "{501C7C4A-AF17-4282-9BF9-87B19AB9CA54}"
EndProject
Project("{FAE04EC0-301F-11D3-BF4B-00C04F79EFBC}") = "Propeller.Mvc.Core", "src\Framework\PropellerMvcCore\Propeller.Mvc.Core.csproj", "{AF007B65-EC07-4905-843B-E40BEEB05388}"
EndProject
Project("{FAE04EC0-301F-11D3-BF4B-00C04F79EFBC}") = "Propeller.Mvc.FormUtils", "src\Framework\PropellerMvcFormUtils\Propeller.Mvc.FormUtils.csproj", "{5EAB180C-CC38-486F-A524-6F1642C90649}"
EndProject
Project("{FAE04EC0-301F-11D3-BF4B-00C04F79EFBC}") = "Propeller.Mvc.Model", "src\Framework\PropellerMvcModel\Propeller.Mvc.Model.csproj", "{479A5641-1614-4D2A-AEAB-AFA79884E207}"
EndProject
Project("{FAE04EC0-301F-11D3-BF4B-00C04F79EFBC}") = "Propeller.Mvc.ModelResolver", "src\Framework\PropellerMvcModelResolver\Propeller.Mvc.ModelResolver.csproj", "{C6851268-FBC3-4A11-856B-B85350EB3613}"
EndProject
Project("{FAE04EC0-301F-11D3-BF4B-00C04F79EFBC}") = "Propeller.Mvc.Presentation", "src\Framework\PropellerMvcPresentation\Propeller.Mvc.Presentation.csproj", "{C80C85B3-F9B6-49DB-99A7-31F70FBAEA85}"
EndProject
Project("{2150E333-8FDC-42A3-9474-1A3956D46DE8}") = "Test", "Test", "{0700765F-C332-4C77-9DBF-80E5795B9639}"
EndProject
Project("{FAE04EC0-301F-11D3-BF4B-00C04F79EFBC}") = "PresentationTest", "src\Test\PresentationTest\PresentationTest.csproj", "{0FC6B16E-D74C-4C62-95F6-CBAFC8D96114}"
EndProject
Project("{FAE04EC0-301F-11D3-BF4B-00C04F79EFBC}") = "ModelTest", "src\Test\ModelTest\ModelTest.csproj", "{62015D11-D3F3-4FE8-9B17-BE02BE18EE11}"
EndProject
Project("{FAE04EC0-301F-11D3-BF4B-00C04F79EFBC}") = "Propeller.Log", "src\Framework\PropellerTcpLogger\Propeller.Log.csproj", "{F3256DA0-CB19-49D7-9C89-97A8CF65ECF2}"
EndProject
Global
	GlobalSection(SolutionConfigurationPlatforms) = preSolution
		Debug|Any CPU = Debug|Any CPU
		Release|Any CPU = Release|Any CPU
	EndGlobalSection
	GlobalSection(ProjectConfigurationPlatforms) = postSolution
		{501C7C4A-AF17-4282-9BF9-87B19AB9CA54}.Debug|Any CPU.ActiveCfg = Debug|Any CPU
		{501C7C4A-AF17-4282-9BF9-87B19AB9CA54}.Debug|Any CPU.Build.0 = Debug|Any CPU
		{501C7C4A-AF17-4282-9BF9-87B19AB9CA54}.Release|Any CPU.ActiveCfg = Release|Any CPU
		{501C7C4A-AF17-4282-9BF9-87B19AB9CA54}.Release|Any CPU.Build.0 = Release|Any CPU
		{AF007B65-EC07-4905-843B-E40BEEB05388}.Debug|Any CPU.ActiveCfg = Debug|Any CPU
		{AF007B65-EC07-4905-843B-E40BEEB05388}.Debug|Any CPU.Build.0 = Debug|Any CPU
		{AF007B65-EC07-4905-843B-E40BEEB05388}.Release|Any CPU.ActiveCfg = Release|Any CPU
		{AF007B65-EC07-4905-843B-E40BEEB05388}.Release|Any CPU.Build.0 = Release|Any CPU
		{5EAB180C-CC38-486F-A524-6F1642C90649}.Debug|Any CPU.ActiveCfg = Debug|Any CPU
		{5EAB180C-CC38-486F-A524-6F1642C90649}.Debug|Any CPU.Build.0 = Debug|Any CPU
		{5EAB180C-CC38-486F-A524-6F1642C90649}.Release|Any CPU.ActiveCfg = Release|Any CPU
		{5EAB180C-CC38-486F-A524-6F1642C90649}.Release|Any CPU.Build.0 = Release|Any CPU
		{479A5641-1614-4D2A-AEAB-AFA79884E207}.Debug|Any CPU.ActiveCfg = Debug|Any CPU
		{479A5641-1614-4D2A-AEAB-AFA79884E207}.Debug|Any CPU.Build.0 = Debug|Any CPU
		{479A5641-1614-4D2A-AEAB-AFA79884E207}.Release|Any CPU.ActiveCfg = Release|Any CPU
		{479A5641-1614-4D2A-AEAB-AFA79884E207}.Release|Any CPU.Build.0 = Release|Any CPU
		{C6851268-FBC3-4A11-856B-B85350EB3613}.Debug|Any CPU.ActiveCfg = Debug|Any CPU
		{C6851268-FBC3-4A11-856B-B85350EB3613}.Debug|Any CPU.Build.0 = Debug|Any CPU
		{C6851268-FBC3-4A11-856B-B85350EB3613}.Release|Any CPU.ActiveCfg = Release|Any CPU
		{C6851268-FBC3-4A11-856B-B85350EB3613}.Release|Any CPU.Build.0 = Release|Any CPU
		{C80C85B3-F9B6-49DB-99A7-31F70FBAEA85}.Debug|Any CPU.ActiveCfg = Debug|Any CPU
		{C80C85B3-F9B6-49DB-99A7-31F70FBAEA85}.Debug|Any CPU.Build.0 = Debug|Any CPU
		{C80C85B3-F9B6-49DB-99A7-31F70FBAEA85}.Release|Any CPU.ActiveCfg = Release|Any CPU
		{C80C85B3-F9B6-49DB-99A7-31F70FBAEA85}.Release|Any CPU.Build.0 = Release|Any CPU
		{0FC6B16E-D74C-4C62-95F6-CBAFC8D96114}.Debug|Any CPU.ActiveCfg = Debug|Any CPU
		{0FC6B16E-D74C-4C62-95F6-CBAFC8D96114}.Debug|Any CPU.Build.0 = Debug|Any CPU
		{0FC6B16E-D74C-4C62-95F6-CBAFC8D96114}.Release|Any CPU.ActiveCfg = Release|Any CPU
		{0FC6B16E-D74C-4C62-95F6-CBAFC8D96114}.Release|Any CPU.Build.0 = Release|Any CPU
		{62015D11-D3F3-4FE8-9B17-BE02BE18EE11}.Debug|Any CPU.ActiveCfg = Debug|Any CPU
		{62015D11-D3F3-4FE8-9B17-BE02BE18EE11}.Debug|Any CPU.Build.0 = Debug|Any CPU
		{62015D11-D3F3-4FE8-9B17-BE02BE18EE11}.Release|Any CPU.ActiveCfg = Release|Any CPU
		{62015D11-D3F3-4FE8-9B17-BE02BE18EE11}.Release|Any CPU.Build.0 = Release|Any CPU
		{F3256DA0-CB19-49D7-9C89-97A8CF65ECF2}.Debug|Any CPU.ActiveCfg = Debug|Any CPU
		{F3256DA0-CB19-49D7-9C89-97A8CF65ECF2}.Debug|Any CPU.Build.0 = Debug|Any CPU
		{F3256DA0-CB19-49D7-9C89-97A8CF65ECF2}.Release|Any CPU.ActiveCfg = Release|Any CPU
		{F3256DA0-CB19-49D7-9C89-97A8CF65ECF2}.Release|Any CPU.Build.0 = Release|Any CPU
	EndGlobalSection
	GlobalSection(SolutionProperties) = preSolution
		HideSolutionNode = FALSE
	EndGlobalSection
	GlobalSection(NestedProjects) = preSolution
		{501C7C4A-AF17-4282-9BF9-87B19AB9CA54} = {13102E4E-18DA-4862-90F1-5B43AF4F68D0}
		{AF007B65-EC07-4905-843B-E40BEEB05388} = {4D21125B-2BC9-4753-A7AF-360CC83DA0A9}
		{5EAB180C-CC38-486F-A524-6F1642C90649} = {4D21125B-2BC9-4753-A7AF-360CC83DA0A9}
		{479A5641-1614-4D2A-AEAB-AFA79884E207} = {4D21125B-2BC9-4753-A7AF-360CC83DA0A9}
		{C6851268-FBC3-4A11-856B-B85350EB3613} = {4D21125B-2BC9-4753-A7AF-360CC83DA0A9}
		{C80C85B3-F9B6-49DB-99A7-31F70FBAEA85} = {4D21125B-2BC9-4753-A7AF-360CC83DA0A9}
		{0FC6B16E-D74C-4C62-95F6-CBAFC8D96114} = {0700765F-C332-4C77-9DBF-80E5795B9639}
		{62015D11-D3F3-4FE8-9B17-BE02BE18EE11} = {0700765F-C332-4C77-9DBF-80E5795B9639}
		{F3256DA0-CB19-49D7-9C89-97A8CF65ECF2} = {4D21125B-2BC9-4753-A7AF-360CC83DA0A9}
	EndGlobalSection
EndGlobal
